Microsoft Visual Studio Solution File, Format Version 12.00
# Visual Studio 2012
Project("{FAE04EC0-301F-11D3-BF4B-00C04F79EFBC}") = "Guide2", "Guide2.csproj", "{83DAD657-4416-4EF2-8512-FC0739C89BBB}"
EndProject
Global
	GlobalSection(SolutionConfigurationPlatforms) = preSolution
	Debug|Any CPU = Debug|Any CPU
	ExportDebug|Any CPU = ExportDebug|Any CPU
	ExportRelease|Any CPU = ExportRelease|Any CPU
	EndGlobalSection
	GlobalSection(ProjectConfigurationPlatforms) = postSolution
		{83DAD657-4416-4EF2-8512-FC0739C89BBB}.Debug|Any CPU.ActiveCfg = Debug|Any CPU
		{83DAD657-4416-4EF2-8512-FC0739C89BBB}.Debug|Any CPU.Build.0 = Debug|Any CPU
		{83DAD657-4416-4EF2-8512-FC0739C89BBB}.ExportDebug|Any CPU.ActiveCfg = ExportDebug|Any CPU
		{83DAD657-4416-4EF2-8512-FC0739C89BBB}.ExportDebug|Any CPU.Build.0 = ExportDebug|Any CPU
		{83DAD657-4416-4EF2-8512-FC0739C89BBB}.ExportRelease|Any CPU.ActiveCfg = ExportRelease|Any CPU
		{83DAD657-4416-4EF2-8512-FC0739C89BBB}.ExportRelease|Any CPU.Build.0 = ExportRelease|Any CPU
	EndGlobalSection
EndGlobal
